
Microsoft Visual Studio Solution File, Format Version 12.00
# Visual Studio Version 16
VisualStudioVersion = 16.0.29025.244
MinimumVisualStudioVersion = 10.0.40219.1
Project("{FAE04EC0-301F-11D3-BF4B-00C04F79EFBC}") = "salonfr", "salonfr.csproj", "{DECDA929-8E76-44A5-A652-B60654BAD83E}"
EndProject
Project("{9A19103F-16F7-4668-BE54-9A1E7A4F7556}") = "salonfrSource", "salonfrSource\salonfrSource.csproj", "{1DFB628E-C2E0-4E24-B234-7127ACB9D995}"
EndProject
Project("{FAE04EC0-301F-11D3-BF4B-00C04F79EFBC}") = "salonFR_controler", "..\salonFR_controler\salonFR_controler.csproj", "{8532B38C-0012-4FB1-B340-C8998C5BF35C}"
EndProject
Global
	GlobalSection(SolutionConfigurationPlatforms) = preSolution
		Debug|Any CPU = Debug|Any CPU
		Release|Any CPU = Release|Any CPU
	EndGlobalSection
	GlobalSection(ProjectConfigurationPlatforms) = postSolution
		{DECDA929-8E76-44A5-A652-B60654BAD83E}.Debug|Any CPU.ActiveCfg = Debug|Any CPU
		{DECDA929-8E76-44A5-A652-B60654BAD83E}.Debug|Any CPU.Build.0 = Debug|Any CPU
		{DECDA929-8E76-44A5-A652-B60654BAD83E}.Release|Any CPU.ActiveCfg = Release|Any CPU
		{DECDA929-8E76-44A5-A652-B60654BAD83E}.Release|Any CPU.Build.0 = Release|Any CPU
		{1DFB628E-C2E0-4E24-B234-7127ACB9D995}.Debug|Any CPU.ActiveCfg = Debug|Any CPU
		{1DFB628E-C2E0-4E24-B234-7127ACB9D995}.Debug|Any CPU.Build.0 = Debug|Any CPU
		{1DFB628E-C2E0-4E24-B234-7127ACB9D995}.Release|Any CPU.ActiveCfg = Release|Any CPU
		{1DFB628E-C2E0-4E24-B234-7127ACB9D995}.Release|Any CPU.Build.0 = Release|Any CPU
		{8532B38C-0012-4FB1-B340-C8998C5BF35C}.Debug|Any CPU.ActiveCfg = Debug|Any CPU
		{8532B38C-0012-4FB1-B340-C8998C5BF35C}.Debug|Any CPU.Build.0 = Debug|Any CPU
		{8532B38C-0012-4FB1-B340-C8998C5BF35C}.Release|Any CPU.ActiveCfg = Release|Any CPU
		{8532B38C-0012-4FB1-B340-C8998C5BF35C}.Release|Any CPU.Build.0 = Release|Any CPU
	EndGlobalSection
	GlobalSection(SolutionProperties) = preSolution
		HideSolutionNode = FALSE
	EndGlobalSection
	GlobalSection(ExtensibilityGlobals) = postSolution
		SolutionGuid = {757478AD-4B8A-49DD-9E13-26689F52443C}
	EndGlobalSection
EndGlobal
